
Microsoft Visual Studio Solution File, Format Version 12.00
# Visual Studio Version 17
VisualStudioVersion = 17.14.36616.10 d17.14
MinimumVisualStudioVersion = 10.0.40219.1
Project("{FAE04EC0-301F-11D3-BF4B-00C04F79EFBC}") = "ReqnrollProject1", "ReqnrollProject1\ReqnrollProject1.csproj", "{1BC7A9F8-A176-4FB9-B543-73D5253FA00A}"
EndProject
Global
	GlobalSection(SolutionConfigurationPlatforms) = preSolution
		Debug|Any CPU = Debug|Any CPU
		Release|Any CPU = Release|Any CPU
	EndGlobalSection
	GlobalSection(ProjectConfigurationPlatforms) = postSolution
		{1BC7A9F8-A176-4FB9-B543-73D5253FA00A}.Debug|Any CPU.ActiveCfg = Debug|Any CPU
		{1BC7A9F8-A176-4FB9-B543-73D5253FA00A}.Debug|Any CPU.Build.0 = Debug|Any CPU
		{1BC7A9F8-A176-4FB9-B543-73D5253FA00A}.Release|Any CPU.ActiveCfg = Release|Any CPU
		{1BC7A9F8-A176-4FB9-B543-73D5253FA00A}.Release|Any CPU.Build.0 = Release|Any CPU
	EndGlobalSection
	GlobalSection(SolutionProperties) = preSolution
		HideSolutionNode = FALSE
	EndGlobalSection
	GlobalSection(ExtensibilityGlobals) = postSolution
		SolutionGuid = {B7B3B495-6B6B-44BF-988B-EDFBD368A448}
	EndGlobalSection
EndGlobal
